<?xml version="1.0" encoding="UTF-8" standalone="yes" ?>
<CodeBlocks_project_file>
	<FileVersion major="1" minor="6" />
	<Project>
		<Option title="chessmaster" />
		<Option pch_mode="2" />
		<Option compiler="gcc" />
		<Build>
			<Target title="Debug">
				<Option output="bin/Debug/chessmaster" prefix_auto="1" extension_auto="1" />
				<Option object_output="obj/Debug/" />
				<Option type="1" />
				<Option compiler="gcc" />
				<Compiler>
					<Add option="-g" />
				</Compiler>
			</Target>
			<Target title="Release">
				<Option output="bin/Release/chessmaster" prefix_auto="1" extension_auto="1" />
				<Option object_output="obj/Release/" />
				<Option type="1" />
				<Option compiler="gcc" />
				<Compiler>
					<Add option="-O2" />
				</Compiler>
				<Linker>
					<Add option="-s" />
				</Linker>
			</Target>
		</Build>
		<Compiler>
			<Add option="-Wall" />
			<Add option="-DSFML_STATIC" />
			<Add directory="../SFML-2.5.0-windows-gcc-5.1.0-tdm-32-bit/SFML-2.5.0/include" />
		</Compiler>
		<Linker>
			<Add library="../SFML-2.5.0-windows-gcc-5.1.0-tdm-32-bit/SFML-2.5.0/lib/libsfml-graphics.a" />
			<Add library="../SFML-2.5.0-windows-gcc-5.1.0-tdm-32-bit/SFML-2.5.0/lib/libsfml-window.a" />
			<Add library="../SFML-2.5.0-windows-gcc-5.1.0-tdm-32-bit/SFML-2.5.0/lib/libsfml-system.a" />
			<Add directory="../SFML-2.5.0-windows-gcc-5.1.0-tdm-32-bit/SFML-2.5.0/lib" />
		</Linker>
		<Unit filename="Bishop_rule.cpp" />
		<Unit filename="Bishop_rule.h" />
		<Unit filename="King_rule.cpp" />
		<Unit filename="King_rule.h" />
		<Unit filename="Knight_rule.cpp" />
		<Unit filename="Knight_rule.h" />
		<Unit filename="Pawn_rule.cpp" />
		<Unit filename="Rook_rule.cpp" />
		<Unit filename="Rook_rule.h" />
		<Unit filename="Rule_piece_collision.cpp" />
		<Unit filename="Rule_piece_collision.h" />
		<Unit filename="Rule_take_piece.cpp" />
		<Unit filename="Rule_take_piece.h" />
		<Unit filename="button_press.cpp" />
		<Unit filename="button_press.h" />
		<Unit filename="chess_ai_main.cpp" />
		<Unit filename="chess_ai_main.h" />
		<Unit filename="chessboard.cpp" />
		<Unit filename="chessboard.h" />
		<Unit filename="find_piece.cpp" />
		<Unit filename="find_piece.h" />
		<Unit filename="key_memory.cpp" />
		<Unit filename="key_memory.h" />
		<Unit filename="main.cpp" />
		<Unit filename="mix_max.h" />
		<Unit filename="pawn_rule.h" />
		<Unit filename="pawn_uppgrade.cpp" />
		<Unit filename="pawn_uppgrade.h" />
		<Unit filename="print_sfml.cpp" />
		<Unit filename="print_sfml.h" />
		<Unit filename="whiteRook.cpp" />
		<Unit filename="whiteRook.h" />
		<Extensions>
			<code_completion />
			<envvars />
			<debugger />
		</Extensions>
	</Project>
</CodeBlocks_project_file>
